// !$*UTF8*$!
{
	archiveVersion = 1;
	classes = {
	};
	objectVersion = 48;
	objects = {

/* Begin PBXBuildFile section */
		D45613301F94EF0400632559 /* SwiftyDefaults.framework in Frameworks */ = {isa = PBXBuildFile; fileRef = D45613261F94EF0400632559 /* SwiftyDefaults.framework */; };
		D45613371F94EF0400632559 /* SwiftyDefaults_iOS.h in Headers */ = {isa = PBXBuildFile; fileRef = D45613291F94EF0400632559 /* SwiftyDefaults_iOS.h */; settings = {ATTRIBUTES = (Public, ); }; };
		D456134C1F94EF3A00632559 /* SwiftyDefaults.framework in Frameworks */ = {isa = PBXBuildFile; fileRef = D45613431F94EF3A00632559 /* SwiftyDefaults.framework */; };
		D45613531F94EF3A00632559 /* SwiftyDefaults_macOS.h in Headers */ = {isa = PBXBuildFile; fileRef = D45613451F94EF3A00632559 /* SwiftyDefaults_macOS.h */; settings = {ATTRIBUTES = (Public, ); }; };
		D45613601F94EF8A00632559 /* ReadWriteTests.swift in Sources */ = {isa = PBXBuildFile; fileRef = D456135F1F94EF8A00632559 /* ReadWriteTests.swift */; };
		D45613611F94EF8A00632559 /* ReadWriteTests.swift in Sources */ = {isa = PBXBuildFile; fileRef = D456135F1F94EF8A00632559 /* ReadWriteTests.swift */; };
		D45613631F94F75D00632559 /* DefaultsAccessKey.swift in Sources */ = {isa = PBXBuildFile; fileRef = D45613621F94F75C00632559 /* DefaultsAccessKey.swift */; };
		D45613641F94F75D00632559 /* DefaultsAccessKey.swift in Sources */ = {isa = PBXBuildFile; fileRef = D45613621F94F75C00632559 /* DefaultsAccessKey.swift */; };
		D45613661F94F84D00632559 /* DefaultsCompatibleType.swift in Sources */ = {isa = PBXBuildFile; fileRef = D45613651F94F84D00632559 /* DefaultsCompatibleType.swift */; };
		D45613671F94F84D00632559 /* DefaultsCompatibleType.swift in Sources */ = {isa = PBXBuildFile; fileRef = D45613651F94F84D00632559 /* DefaultsCompatibleType.swift */; };
		D456136A1F94FB1E00632559 /* String+DefaultsCompatibleType.swift in Sources */ = {isa = PBXBuildFile; fileRef = D45613691F94FB1E00632559 /* String+DefaultsCompatibleType.swift */; };
		D456136B1F94FB1E00632559 /* String+DefaultsCompatibleType.swift in Sources */ = {isa = PBXBuildFile; fileRef = D45613691F94FB1E00632559 /* String+DefaultsCompatibleType.swift */; };
		D456136D1F94FDDA00632559 /* UserDefaults+Access.swift in Sources */ = {isa = PBXBuildFile; fileRef = D456136C1F94FDDA00632559 /* UserDefaults+Access.swift */; };
		D456136E1F94FDDA00632559 /* UserDefaults+Access.swift in Sources */ = {isa = PBXBuildFile; fileRef = D456136C1F94FDDA00632559 /* UserDefaults+Access.swift */; };
		D45613701F9623AE00632559 /* URL+DefaultsCompatibleType.swift in Sources */ = {isa = PBXBuildFile; fileRef = D456136F1F9623AE00632559 /* URL+DefaultsCompatibleType.swift */; };
		D45613711F9623AE00632559 /* URL+DefaultsCompatibleType.swift in Sources */ = {isa = PBXBuildFile; fileRef = D456136F1F9623AE00632559 /* URL+DefaultsCompatibleType.swift */; };
		D45613761F962AC700632559 /* Data+DefaultsCompatibleType.swift in Sources */ = {isa = PBXBuildFile; fileRef = D45613751F962AC700632559 /* Data+DefaultsCompatibleType.swift */; };
		D45613771F962AC700632559 /* Data+DefaultsCompatibleType.swift in Sources */ = {isa = PBXBuildFile; fileRef = D45613751F962AC700632559 /* Data+DefaultsCompatibleType.swift */; };
		D45613791F962B3C00632559 /* Bool+DefaultsCompatibleType.swift in Sources */ = {isa = PBXBuildFile; fileRef = D45613781F962B3C00632559 /* Bool+DefaultsCompatibleType.swift */; };
		D456137A1F962B3C00632559 /* Bool+DefaultsCompatibleType.swift in Sources */ = {isa = PBXBuildFile; fileRef = D45613781F962B3C00632559 /* Bool+DefaultsCompatibleType.swift */; };
		D456137C1F962B4900632559 /* Int+DefaultsCompatibleType.swift in Sources */ = {isa = PBXBuildFile; fileRef = D456137B1F962B4900632559 /* Int+DefaultsCompatibleType.swift */; };
		D456137D1F962B4900632559 /* Int+DefaultsCompatibleType.swift in Sources */ = {isa = PBXBuildFile; fileRef = D456137B1F962B4900632559 /* Int+DefaultsCompatibleType.swift */; };
		D456137F1F962B5600632559 /* Float+DefaultsCompatibleType.swift in Sources */ = {isa = PBXBuildFile; fileRef = D456137E1F962B5600632559 /* Float+DefaultsCompatibleType.swift */; };
		D45613801F962B5600632559 /* Float+DefaultsCompatibleType.swift in Sources */ = {isa = PBXBuildFile; fileRef = D456137E1F962B5600632559 /* Float+DefaultsCompatibleType.swift */; };
		D45613821F962BE500632559 /* Double+DefaultsCompatibleType.swift in Sources */ = {isa = PBXBuildFile; fileRef = D45613811F962BE500632559 /* Double+DefaultsCompatibleType.swift */; };
		D45613831F962BE500632559 /* Double+DefaultsCompatibleType.swift in Sources */ = {isa = PBXBuildFile; fileRef = D45613811F962BE500632559 /* Double+DefaultsCompatibleType.swift */; };
/* End PBXBuildFile section */

/* Begin PBXContainerItemProxy section */
		D45613311F94EF0400632559 /* PBXContainerItemProxy */ = {
			isa = PBXContainerItemProxy;
			containerPortal = D456131B1F94EED300632559 /* Project object */;
			proxyType = 1;
			remoteGlobalIDString = D45613251F94EF0400632559;
			remoteInfo = "SwiftyDefaults-iOS";
		};
		D456134D1F94EF3A00632559 /* PBXContainerItemProxy */ = {
			isa = PBXContainerItemProxy;
			containerPortal = D456131B1F94EED300632559 /* Project object */;
			proxyType = 1;
			remoteGlobalIDString = D45613421F94EF3A00632559;
			remoteInfo = "SwiftyDefaults-macOS";
		};
/* End PBXContainerItemProxy section */

/* Begin PBXFileReference section */
		D45613261F94EF0400632559 /* SwiftyDefaults.framework */ = {isa = PBXFileReference; explicitFileType = wrapper.framework; includeInIndex = 0; path = SwiftyDefaults.framework; sourceTree = BUILT_PRODUCTS_DIR; };
		D45613291F94EF0400632559 /* SwiftyDefaults_iOS.h */ = {isa = PBXFileReference; lastKnownFileType = sourcecode.c.h; path = SwiftyDefaults_iOS.h; sourceTree = "<group>"; };
		D456132A1F94EF0400632559 /* Info.plist */ = {isa = PBXFileReference; lastKnownFileType = text.plist.xml; path = Info.plist; sourceTree = "<group>"; };
		D456132F1F94EF0400632559 /* SwiftyDefaults-iOSTests.xctest */ = {isa = PBXFileReference; explicitFileType = wrapper.cfbundle; includeInIndex = 0; path = "SwiftyDefaults-iOSTests.xctest"; sourceTree = BUILT_PRODUCTS_DIR; };
		D45613361F94EF0400632559 /* Info.plist */ = {isa = PBXFileReference; lastKnownFileType = text.plist.xml; path = Info.plist; sourceTree = "<group>"; };
		D45613431F94EF3A00632559 /* SwiftyDefaults.framework */ = {isa = PBXFileReference; explicitFileType = wrapper.framework; includeInIndex = 0; path = SwiftyDefaults.framework; sourceTree = BUILT_PRODUCTS_DIR; };
		D45613451F94EF3A00632559 /* SwiftyDefaults_macOS.h */ = {isa = PBXFileReference; lastKnownFileType = sourcecode.c.h; path = SwiftyDefaults_macOS.h; sourceTree = "<group>"; };
		D45613461F94EF3A00632559 /* Info.plist */ = {isa = PBXFileReference; lastKnownFileType = text.plist.xml; path = Info.plist; sourceTree = "<group>"; };
		D456134B1F94EF3A00632559 /* SwiftyDefaults-macOSTests.xctest */ = {isa = PBXFileReference; explicitFileType = wrapper.cfbundle; includeInIndex = 0; path = "SwiftyDefaults-macOSTests.xctest"; sourceTree = BUILT_PRODUCTS_DIR; };
		D45613521F94EF3A00632559 /* Info.plist */ = {isa = PBXFileReference; lastKnownFileType = text.plist.xml; path = Info.plist; sourceTree = "<group>"; };
		D456135F1F94EF8A00632559 /* ReadWriteTests.swift */ = {isa = PBXFileReference; lastKnownFileType = sourcecode.swift; path = ReadWriteTests.swift; sourceTree = "<group>"; };
		D45613621F94F75C00632559 /* DefaultsAccessKey.swift */ = {isa = PBXFileReference; lastKnownFileType = sourcecode.swift; path = DefaultsAccessKey.swift; sourceTree = "<group>"; };
		D45613651F94F84D00632559 /* DefaultsCompatibleType.swift */ = {isa = PBXFileReference; lastKnownFileType = sourcecode.swift; path = DefaultsCompatibleType.swift; sourceTree = "<group>"; };
		D45613691F94FB1E00632559 /* String+DefaultsCompatibleType.swift */ = {isa = PBXFileReference; lastKnownFileType = sourcecode.swift; path = "String+DefaultsCompatibleType.swift"; sourceTree = "<group>"; };
		D456136C1F94FDDA00632559 /* UserDefaults+Access.swift */ = {isa = PBXFileReference; lastKnownFileType = sourcecode.swift; path = "UserDefaults+Access.swift"; sourceTree = "<group>"; };
		D456136F1F9623AE00632559 /* URL+DefaultsCompatibleType.swift */ = {isa = PBXFileReference; lastKnownFileType = sourcecode.swift; path = "URL+DefaultsCompatibleType.swift"; sourceTree = "<group>"; };
		D45613751F962AC700632559 /* Data+DefaultsCompatibleType.swift */ = {isa = PBXFileReference; lastKnownFileType = sourcecode.swift; path = "Data+DefaultsCompatibleType.swift"; sourceTree = "<group>"; };
		D45613781F962B3C00632559 /* Bool+DefaultsCompatibleType.swift */ = {isa = PBXFileReference; lastKnownFileType = sourcecode.swift; path = "Bool+DefaultsCompatibleType.swift"; sourceTree = "<group>"; };
		D456137B1F962B4900632559 /* Int+DefaultsCompatibleType.swift */ = {isa = PBXFileReference; lastKnownFileType = sourcecode.swift; path = "Int+DefaultsCompatibleType.swift"; sourceTree = "<group>"; };
		D456137E1F962B5600632559 /* Float+DefaultsCompatibleType.swift */ = {isa = PBXFileReference; lastKnownFileType = sourcecode.swift; path = "Float+DefaultsCompatibleType.swift"; sourceTree = "<group>"; };
		D45613811F962BE500632559 /* Double+DefaultsCompatibleType.swift */ = {isa = PBXFileReference; lastKnownFileType = sourcecode.swift; path = "Double+DefaultsCompatibleType.swift"; sourceTree = "<group>"; };
/* End PBXFileReference section */

/* Begin PBXFrameworksBuildPhase section */
		D45613221F94EF0400632559 /* Frameworks */ = {
			isa = PBXFrameworksBuildPhase;
			buildActionMask = 2147483647;
			files = (
			);
			runOnlyForDeploymentPostprocessing = 0;
		};
		D456132C1F94EF0400632559 /* Frameworks */ = {
			isa = PBXFrameworksBuildPhase;
			buildActionMask = 2147483647;
			files = (
				D45613301F94EF0400632559 /* SwiftyDefaults.framework in Frameworks */,
			);
			runOnlyForDeploymentPostprocessing = 0;
		};
		D456133F1F94EF3A00632559 /* Frameworks */ = {
			isa = PBXFrameworksBuildPhase;
			buildActionMask = 2147483647;
			files = (
			);
			runOnlyForDeploymentPostprocessing = 0;
		};
		D45613481F94EF3A00632559 /* Frameworks */ = {
			isa = PBXFrameworksBuildPhase;
			buildActionMask = 2147483647;
			files = (
				D456134C1F94EF3A00632559 /* SwiftyDefaults.framework in Frameworks */,
			);
			runOnlyForDeploymentPostprocessing = 0;
		};
/* End PBXFrameworksBuildPhase section */

/* Begin PBXGroup section */
		D456131A1F94EED300632559 = {
			isa = PBXGroup;
			children = (
				D456135A1F94EF3F00632559 /* Sources */,
				D456135B1F94EF4700632559 /* Tests */,
				D45613281F94EF0400632559 /* SwiftyDefaults-iOS */,
				D45613331F94EF0400632559 /* SwiftyDefaults-iOSTests */,
				D45613441F94EF3A00632559 /* SwiftyDefaults-macOS */,
				D456134F1F94EF3A00632559 /* SwiftyDefaults-macOSTests */,
				D45613271F94EF0400632559 /* Products */,
			);
			sourceTree = "<group>";
		};
		D45613271F94EF0400632559 /* Products */ = {
			isa = PBXGroup;
			children = (
				D45613261F94EF0400632559 /* SwiftyDefaults.framework */,
				D456132F1F94EF0400632559 /* SwiftyDefaults-iOSTests.xctest */,
				D45613431F94EF3A00632559 /* SwiftyDefaults.framework */,
				D456134B1F94EF3A00632559 /* SwiftyDefaults-macOSTests.xctest */,
			);
			name = Products;
			sourceTree = "<group>";
		};
		D45613281F94EF0400632559 /* SwiftyDefaults-iOS */ = {
			isa = PBXGroup;
			children = (
				D45613291F94EF0400632559 /* SwiftyDefaults_iOS.h */,
				D456132A1F94EF0400632559 /* Info.plist */,
			);
			path = "SwiftyDefaults-iOS";
			sourceTree = "<group>";
		};
		D45613331F94EF0400632559 /* SwiftyDefaults-iOSTests */ = {
			isa = PBXGroup;
			children = (
				D45613361F94EF0400632559 /* Info.plist */,
			);
			path = "SwiftyDefaults-iOSTests";
			sourceTree = "<group>";
		};
		D45613441F94EF3A00632559 /* SwiftyDefaults-macOS */ = {
			isa = PBXGroup;
			children = (
				D45613451F94EF3A00632559 /* SwiftyDefaults_macOS.h */,
				D45613461F94EF3A00632559 /* Info.plist */,
			);
			path = "SwiftyDefaults-macOS";
			sourceTree = "<group>";
		};
		D456134F1F94EF3A00632559 /* SwiftyDefaults-macOSTests */ = {
			isa = PBXGroup;
			children = (
				D45613521F94EF3A00632559 /* Info.plist */,
			);
			path = "SwiftyDefaults-macOSTests";
			sourceTree = "<group>";
		};
		D456135A1F94EF3F00632559 /* Sources */ = {
			isa = PBXGroup;
			children = (
				D45613681F94FAF800632559 /* DefaultsCompatibleType */,
				D45613621F94F75C00632559 /* DefaultsAccessKey.swift */,
				D456136C1F94FDDA00632559 /* UserDefaults+Access.swift */,
			);
			path = Sources;
			sourceTree = "<group>";
		};
		D456135B1F94EF4700632559 /* Tests */ = {
			isa = PBXGroup;
			children = (
				D456135F1F94EF8A00632559 /* ReadWriteTests.swift */,
			);
			path = Tests;
			sourceTree = "<group>";
		};
		D45613681F94FAF800632559 /* DefaultsCompatibleType */ = {
			isa = PBXGroup;
			children = (
				D45613651F94F84D00632559 /* DefaultsCompatibleType.swift */,
				D45613691F94FB1E00632559 /* String+DefaultsCompatibleType.swift */,
				D45613781F962B3C00632559 /* Bool+DefaultsCompatibleType.swift */,
				D456137B1F962B4900632559 /* Int+DefaultsCompatibleType.swift */,
				D456137E1F962B5600632559 /* Float+DefaultsCompatibleType.swift */,
				D45613811F962BE500632559 /* Double+DefaultsCompatibleType.swift */,
				D456136F1F9623AE00632559 /* URL+DefaultsCompatibleType.swift */,
				D45613751F962AC700632559 /* Data+DefaultsCompatibleType.swift */,
			);
			path = DefaultsCompatibleType;
			sourceTree = "<group>";
		};
/* End PBXGroup section */

/* Begin PBXHeadersBuildPhase section */
		D45613231F94EF0400632559 /* Headers */ = {
			isa = PBXHeadersBuildPhase;
			buildActionMask = 2147483647;
			files = (
				D45613371F94EF0400632559 /* SwiftyDefaults_iOS.h in Headers */,
			);
			runOnlyForDeploymentPostprocessing = 0;
		};
		D45613401F94EF3A00632559 /* Headers */ = {
			isa = PBXHeadersBuildPhase;
			buildActionMask = 2147483647;
			files = (
				D45613531F94EF3A00632559 /* SwiftyDefaults_macOS.h in Headers */,
			);
			runOnlyForDeploymentPostprocessing = 0;
		};
/* End PBXHeadersBuildPhase section */

/* Begin PBXNativeTarget section */
		D45613251F94EF0400632559 /* SwiftyDefaults-iOS */ = {
			isa = PBXNativeTarget;
			buildConfigurationList = D45613381F94EF0400632559 /* Build configuration list for PBXNativeTarget "SwiftyDefaults-iOS" */;
			buildPhases = (
				D45613211F94EF0400632559 /* Sources */,
				D45613221F94EF0400632559 /* Frameworks */,
				D45613231F94EF0400632559 /* Headers */,
				D45613241F94EF0400632559 /* Resources */,
			);
			buildRules = (
			);
			dependencies = (
			);
			name = "SwiftyDefaults-iOS";
			productName = "SwiftyDefaults-iOS";
			productReference = D45613261F94EF0400632559 /* SwiftyDefaults.framework */;
			productType = "com.apple.product-type.framework";
		};
		D456132E1F94EF0400632559 /* SwiftyDefaults-iOSTests */ = {
			isa = PBXNativeTarget;
			buildConfigurationList = D456133B1F94EF0400632559 /* Build configuration list for PBXNativeTarget "SwiftyDefaults-iOSTests" */;
			buildPhases = (
				D456132B1F94EF0400632559 /* Sources */,
				D456132C1F94EF0400632559 /* Frameworks */,
				D456132D1F94EF0400632559 /* Resources */,
			);
			buildRules = (
			);
			dependencies = (
				D45613321F94EF0400632559 /* PBXTargetDependency */,
			);
			name = "SwiftyDefaults-iOSTests";
			productName = "SwiftyDefaults-iOSTests";
			productReference = D456132F1F94EF0400632559 /* SwiftyDefaults-iOSTests.xctest */;
			productType = "com.apple.product-type.bundle.unit-test";
		};
		D45613421F94EF3A00632559 /* SwiftyDefaults-macOS */ = {
			isa = PBXNativeTarget;
			buildConfigurationList = D45613541F94EF3A00632559 /* Build configuration list for PBXNativeTarget "SwiftyDefaults-macOS" */;
			buildPhases = (
				D456133E1F94EF3A00632559 /* Sources */,
				D456133F1F94EF3A00632559 /* Frameworks */,
				D45613401F94EF3A00632559 /* Headers */,
				D45613411F94EF3A00632559 /* Resources */,
			);
			buildRules = (
			);
			dependencies = (
			);
			name = "SwiftyDefaults-macOS";
			productName = "SwiftyDefaults-macOS";
			productReference = D45613431F94EF3A00632559 /* SwiftyDefaults.framework */;
			productType = "com.apple.product-type.framework";
		};
		D456134A1F94EF3A00632559 /* SwiftyDefaults-macOSTests */ = {
			isa = PBXNativeTarget;
			buildConfigurationList = D45613571F94EF3A00632559 /* Build configuration list for PBXNativeTarget "SwiftyDefaults-macOSTests" */;
			buildPhases = (
				D45613471F94EF3A00632559 /* Sources */,
				D45613481F94EF3A00632559 /* Frameworks */,
				D45613491F94EF3A00632559 /* Resources */,
			);
			buildRules = (
			);
			dependencies = (
				D456134E1F94EF3A00632559 /* PBXTargetDependency */,
			);
			name = "SwiftyDefaults-macOSTests";
			productName = "SwiftyDefaults-macOSTests";
			productReference = D456134B1F94EF3A00632559 /* SwiftyDefaults-macOSTests.xctest */;
			productType = "com.apple.product-type.bundle.unit-test";
		};
/* End PBXNativeTarget section */

/* Begin PBXProject section */
		D456131B1F94EED300632559 /* Project object */ = {
			isa = PBXProject;
			attributes = {
				LastSwiftUpdateCheck = 0900;
				LastUpgradeCheck = 0900;
				TargetAttributes = {
					D45613251F94EF0400632559 = {
						CreatedOnToolsVersion = 9.0;
						LastSwiftMigration = 0900;
						ProvisioningStyle = Automatic;
					};
					D456132E1F94EF0400632559 = {
						CreatedOnToolsVersion = 9.0;
						ProvisioningStyle = Automatic;
					};
					D45613421F94EF3A00632559 = {
						CreatedOnToolsVersion = 9.0;
						ProvisioningStyle = Automatic;
					};
					D456134A1F94EF3A00632559 = {
						CreatedOnToolsVersion = 9.0;
						ProvisioningStyle = Automatic;
					};
				};
			};
			buildConfigurationList = D456131E1F94EED300632559 /* Build configuration list for PBXProject "SwiftyDefaults" */;
			compatibilityVersion = "Xcode 8.0";
			developmentRegion = en;
			hasScannedForEncodings = 0;
			knownRegions = (
				en,
			);
			mainGroup = D456131A1F94EED300632559;
			productRefGroup = D45613271F94EF0400632559 /* Products */;
			projectDirPath = "";
			projectRoot = "";
			targets = (
				D45613251F94EF0400632559 /* SwiftyDefaults-iOS */,
				D456132E1F94EF0400632559 /* SwiftyDefaults-iOSTests */,
				D45613421F94EF3A00632559 /* SwiftyDefaults-macOS */,
				D456134A1F94EF3A00632559 /* SwiftyDefaults-macOSTests */,
			);
		};
/* End PBXProject section */

/* Begin PBXResourcesBuildPhase section */
		D45613241F94EF0400632559 /* Resources */ = {
			isa = PBXResourcesBuildPhase;
			buildActionMask = 2147483647;
			files = (
			);
			runOnlyForDeploymentPostprocessing = 0;
		};
		D456132D1F94EF0400632559 /* Resources */ = {
			isa = PBXResourcesBuildPhase;
			buildActionMask = 2147483647;
			files = (
			);
			runOnlyForDeploymentPostprocessing = 0;
		};
		D45613411F94EF3A00632559 /* Resources */ = {
			isa = PBXResourcesBuildPhase;
			buildActionMask = 2147483647;
			files = (
			);
			runOnlyForDeploymentPostprocessing = 0;
		};
		D45613491F94EF3A00632559 /* Resources */ = {
			isa = PBXResourcesBuildPhase;
			buildActionMask = 2147483647;
			files = (
			);
			runOnlyForDeploymentPostprocessing = 0;
		};
/* End PBXResourcesBuildPhase section */

/* Begin PBXSourcesBuildPhase section */
		D45613211F94EF0400632559 /* Sources */ = {
			isa = PBXSourcesBuildPhase;
			buildActionMask = 2147483647;
			files = (
				D456136D1F94FDDA00632559 /* UserDefaults+Access.swift in Sources */,
				D45613661F94F84D00632559 /* DefaultsCompatibleType.swift in Sources */,
				D45613821F962BE500632559 /* Double+DefaultsCompatibleType.swift in Sources */,
				D45613791F962B3C00632559 /* Bool+DefaultsCompatibleType.swift in Sources */,
				D456136A1F94FB1E00632559 /* String+DefaultsCompatibleType.swift in Sources */,
				D45613761F962AC700632559 /* Data+DefaultsCompatibleType.swift in Sources */,
				D45613631F94F75D00632559 /* DefaultsAccessKey.swift in Sources */,
				D456137F1F962B5600632559 /* Float+DefaultsCompatibleType.swift in Sources */,
				D456137C1F962B4900632559 /* Int+DefaultsCompatibleType.swift in Sources */,
				D45613701F9623AE00632559 /* URL+DefaultsCompatibleType.swift in Sources */,
			);
			runOnlyForDeploymentPostprocessing = 0;
		};
		D456132B1F94EF0400632559 /* Sources */ = {
			isa = PBXSourcesBuildPhase;
			buildActionMask = 2147483647;
			files = (
				D45613601F94EF8A00632559 /* ReadWriteTests.swift in Sources */,
			);
			runOnlyForDeploymentPostprocessing = 0;
		};
		D456133E1F94EF3A00632559 /* Sources */ = {
			isa = PBXSourcesBuildPhase;
			buildActionMask = 2147483647;
			files = (
				D456136E1F94FDDA00632559 /* UserDefaults+Access.swift in Sources */,
				D45613671F94F84D00632559 /* DefaultsCompatibleType.swift in Sources */,
				D45613831F962BE500632559 /* Double+DefaultsCompatibleType.swift in Sources */,
				D456137A1F962B3C00632559 /* Bool+DefaultsCompatibleType.swift in Sources */,
				D456136B1F94FB1E00632559 /* String+DefaultsCompatibleType.swift in Sources */,
				D45613771F962AC700632559 /* Data+DefaultsCompatibleType.swift in Sources */,
				D45613641F94F75D00632559 /* DefaultsAccessKey.swift in Sources */,
				D45613801F962B5600632559 /* Float+DefaultsCompatibleType.swift in Sources */,
				D456137D1F962B4900632559 /* Int+DefaultsCompatibleType.swift in Sources */,
				D45613711F9623AE00632559 /* URL+DefaultsCompatibleType.swift in Sources */,
			);
			runOnlyForDeploymentPostprocessing = 0;
		};
		D45613471F94EF3A00632559 /* Sources */ = {
			isa = PBXSourcesBuildPhase;
			buildActionMask = 2147483647;
			files = (
				D45613611F94EF8A00632559 /* ReadWriteTests.swift in Sources */,
			);
			runOnlyForDeploymentPostprocessing = 0;
		};
/* End PBXSourcesBuildPhase section */

/* Begin PBXTargetDependency section */
		D45613321F94EF0400632559 /* PBXTargetDependency */ = {
			isa = PBXTargetDependency;
			target = D45613251F94EF0400632559 /* SwiftyDefaults-iOS */;
			targetProxy = D45613311F94EF0400632559 /* PBXContainerItemProxy */;
		};
		D456134E1F94EF3A00632559 /* PBXTargetDependency */ = {
			isa = PBXTargetDependency;
			target = D45613421F94EF3A00632559 /* SwiftyDefaults-macOS */;
			targetProxy = D456134D1F94EF3A00632559 /* PBXContainerItemProxy */;
		};
/* End PBXTargetDependency section */

/* Begin XCBuildConfiguration section */
		D456131F1F94EED300632559 /* Debug */ = {
			isa = XCBuildConfiguration;
			buildSettings = {
			};
			name = Debug;
		};
		D45613201F94EED300632559 /* Release */ = {
			isa = XCBuildConfiguration;
			buildSettings = {
			};
			name = Release;
		};
		D45613391F94EF0400632559 /* Debug */ = {
			isa = XCBuildConfiguration;
			buildSettings = {
				ALWAYS_SEARCH_USER_PATHS = NO;
				CLANG_ANALYZER_NONNULL = YES;
				CLANG_ANALYZER_NUMBER_OBJECT_CONVERSION = YES_AGGRESSIVE;
				CLANG_CXX_LANGUAGE_STANDARD = "gnu++14";
				CLANG_CXX_LIBRARY = "libc++";
				CLANG_ENABLE_MODULES = YES;
				CLANG_ENABLE_OBJC_ARC = YES;
				CLANG_WARN_BLOCK_CAPTURE_AUTORELEASING = YES;
				CLANG_WARN_BOOL_CONVERSION = YES;
				CLANG_WARN_COMMA = YES;
				CLANG_WARN_CONSTANT_CONVERSION = YES;
				CLANG_WARN_DIRECT_OBJC_ISA_USAGE = YES_ERROR;
				CLANG_WARN_DOCUMENTATION_COMMENTS = YES;
				CLANG_WARN_EMPTY_BODY = YES;
				CLANG_WARN_ENUM_CONVERSION = YES;
				CLANG_WARN_INFINITE_RECURSION = YES;
				CLANG_WARN_INT_CONVERSION = YES;
				CLANG_WARN_NON_LITERAL_NULL_CONVERSION = YES;
				CLANG_WARN_OBJC_LITERAL_CONVERSION = YES;
				CLANG_WARN_OBJC_ROOT_CLASS = YES_ERROR;
				CLANG_WARN_RANGE_LOOP_ANALYSIS = YES;
				CLANG_WARN_STRICT_PROTOTYPES = YES;
				CLANG_WARN_SUSPICIOUS_MOVE = YES;
				CLANG_WARN_UNGUARDED_AVAILABILITY = YES_AGGRESSIVE;
				CLANG_WARN_UNREACHABLE_CODE = YES;
				CLANG_WARN__DUPLICATE_METHOD_MATCH = YES;
				CODE_SIGN_IDENTITY = "iPhone Developer";
				CODE_SIGN_STYLE = Automatic;
				COPY_PHASE_STRIP = NO;
				CURRENT_PROJECT_VERSION = 1;
				DEBUG_INFORMATION_FORMAT = dwarf;
				DEFINES_MODULE = YES;
				DEVELOPMENT_TEAM = DHNJ8N28ZZ;
				DYLIB_COMPATIBILITY_VERSION = 1;
				DYLIB_CURRENT_VERSION = 1;
				DYLIB_INSTALL_NAME_BASE = "@rpath";
				ENABLE_STRICT_OBJC_MSGSEND = YES;
				ENABLE_TESTABILITY = YES;
				GCC_C_LANGUAGE_STANDARD = gnu11;
				GCC_DYNAMIC_NO_PIC = NO;
				GCC_NO_COMMON_BLOCKS = YES;
				GCC_OPTIMIZATION_LEVEL = 0;
				GCC_PREPROCESSOR_DEFINITIONS = (
					"DEBUG=1",
					"$(inherited)",
				);
				GCC_WARN_64_TO_32_BIT_CONVERSION = YES;
				GCC_WARN_ABOUT_RETURN_TYPE = YES_ERROR;
				GCC_WARN_UNDECLARED_SELECTOR = YES;
				GCC_WARN_UNINITIALIZED_AUTOS = YES_AGGRESSIVE;
				GCC_WARN_UNUSED_FUNCTION = YES;
				GCC_WARN_UNUSED_VARIABLE = YES;
				INFOPLIST_FILE = "SwiftyDefaults-iOS/Info.plist";
				INSTALL_PATH = "$(LOCAL_LIBRARY_DIR)/Frameworks";
				IPHONEOS_DEPLOYMENT_TARGET = 11.0;
				LD_RUNPATH_SEARCH_PATHS = "$(inherited) @executable_path/Frameworks @loader_path/Frameworks";
				MTL_ENABLE_DEBUG_INFO = YES;
				ONLY_ACTIVE_ARCH = YES;
				PRODUCT_BUNDLE_IDENTIFIER = "com.zetasq.SwiftyDefaults-iOS";
				PRODUCT_NAME = SwiftyDefaults;
				SDKROOT = iphoneos;
				SKIP_INSTALL = YES;
				SWIFT_ACTIVE_COMPILATION_CONDITIONS = DEBUG;
				SWIFT_OPTIMIZATION_LEVEL = "-Onone";
				SWIFT_VERSION = 4.0;
				TARGETED_DEVICE_FAMILY = "1,2";
				VERSIONING_SYSTEM = "apple-generic";
				VERSION_INFO_PREFIX = "";
			};
			name = Debug;
		};
		D456133A1F94EF0400632559 /* Release */ = {
			isa = XCBuildConfiguration;
			buildSettings = {
				ALWAYS_SEARCH_USER_PATHS = NO;
				CLANG_ANALYZER_NONNULL = YES;
				CLANG_ANALYZER_NUMBER_OBJECT_CONVERSION = YES_AGGRESSIVE;
				CLANG_CXX_LANGUAGE_STANDARD = "gnu++14";
				CLANG_CXX_LIBRARY = "libc++";
				CLANG_ENABLE_MODULES = YES;
				CLANG_ENABLE_OBJC_ARC = YES;
				CLANG_WARN_BLOCK_CAPTURE_AUTORELEASING = YES;
				CLANG_WARN_BOOL_CONVERSION = YES;
				CLANG_WARN_COMMA = YES;
				CLANG_WARN_CONSTANT_CONVERSION = YES;
				CLANG_WARN_DIRECT_OBJC_ISA_USAGE = YES_ERROR;
				CLANG_WARN_DOCUMENTATION_COMMENTS = YES;
				CLANG_WARN_EMPTY_BODY = YES;
				CLANG_WARN_ENUM_CONVERSION = YES;
				CLANG_WARN_INFINITE_RECURSION = YES;
				CLANG_WARN_INT_CONVERSION = YES;
				CLANG_WARN_NON_LITERAL_NULL_CONVERSION = YES;
				CLANG_WARN_OBJC_LITERAL_CONVERSION = YES;
				CLANG_WARN_OBJC_ROOT_CLASS = YES_ERROR;
				CLANG_WARN_RANGE_LOOP_ANALYSIS = YES;
				CLANG_WARN_STRICT_PROTOTYPES = YES;
				CLANG_WARN_SUSPICIOUS_MOVE = YES;
				CLANG_WARN_UNGUARDED_AVAILABILITY = YES_AGGRESSIVE;
				CLANG_WARN_UNREACHABLE_CODE = YES;
				CLANG_WARN__DUPLICATE_METHOD_MATCH = YES;
				CODE_SIGN_IDENTITY = "iPhone Developer";
				CODE_SIGN_STYLE = Automatic;
				COPY_PHASE_STRIP = NO;
				CURRENT_PROJECT_VERSION = 1;
				DEBUG_INFORMATION_FORMAT = "dwarf-with-dsym";
				DEFINES_MODULE = YES;
				DEVELOPMENT_TEAM = DHNJ8N28ZZ;
				DYLIB_COMPATIBILITY_VERSION = 1;
				DYLIB_CURRENT_VERSION = 1;
				DYLIB_INSTALL_NAME_BASE = "@rpath";
				ENABLE_NS_ASSERTIONS = NO;
				ENABLE_STRICT_OBJC_MSGSEND = YES;
				GCC_C_LANGUAGE_STANDARD = gnu11;
				GCC_NO_COMMON_BLOCKS = YES;
				GCC_WARN_64_TO_32_BIT_CONVERSION = YES;
				GCC_WARN_ABOUT_RETURN_TYPE = YES_ERROR;
				GCC_WARN_UNDECLARED_SELECTOR = YES;
				GCC_WARN_UNINITIALIZED_AUTOS = YES_AGGRESSIVE;
				GCC_WARN_UNUSED_FUNCTION = YES;
				GCC_WARN_UNUSED_VARIABLE = YES;
				INFOPLIST_FILE = "SwiftyDefaults-iOS/Info.plist";
				INSTALL_PATH = "$(LOCAL_LIBRARY_DIR)/Frameworks";
				IPHONEOS_DEPLOYMENT_TARGET = 11.0;
				LD_RUNPATH_SEARCH_PATHS = "$(inherited) @executable_path/Frameworks @loader_path/Frameworks";
				MTL_ENABLE_DEBUG_INFO = NO;
				PRODUCT_BUNDLE_IDENTIFIER = "com.zetasq.SwiftyDefaults-iOS";
				PRODUCT_NAME = SwiftyDefaults;
				SDKROOT = iphoneos;
				SKIP_INSTALL = YES;
				SWIFT_OPTIMIZATION_LEVEL = "-Owholemodule";
				SWIFT_VERSION = 4.0;
				TARGETED_DEVICE_FAMILY = "1,2";
				VALIDATE_PRODUCT = YES;
				VERSIONING_SYSTEM = "apple-generic";
				VERSION_INFO_PREFIX = "";
			};
			name = Release;
		};
		D456133C1F94EF0400632559 /* Debug */ = {
			isa = XCBuildConfiguration;
			buildSettings = {
				ALWAYS_EMBED_SWIFT_STANDARD_LIBRARIES = YES;
				ALWAYS_SEARCH_USER_PATHS = NO;
				CLANG_ANALYZER_NONNULL = YES;
				CLANG_ANALYZER_NUMBER_OBJECT_CONVERSION = YES_AGGRESSIVE;
				CLANG_CXX_LANGUAGE_STANDARD = "gnu++14";
				CLANG_CXX_LIBRARY = "libc++";
				CLANG_ENABLE_MODULES = YES;
				CLANG_ENABLE_OBJC_ARC = YES;
				CLANG_WARN_BLOCK_CAPTURE_AUTORELEASING = YES;
				CLANG_WARN_BOOL_CONVERSION = YES;
				CLANG_WARN_COMMA = YES;
				CLANG_WARN_CONSTANT_CONVERSION = YES;
				CLANG_WARN_DIRECT_OBJC_ISA_USAGE = YES_ERROR;
				CLANG_WARN_DOCUMENTATION_COMMENTS = YES;
				CLANG_WARN_EMPTY_BODY = YES;
				CLANG_WARN_ENUM_CONVERSION = YES;
				CLANG_WARN_INFINITE_RECURSION = YES;
				CLANG_WARN_INT_CONVERSION = YES;
				CLANG_WARN_NON_LITERAL_NULL_CONVERSION = YES;
				CLANG_WARN_OBJC_LITERAL_CONVERSION = YES;
				CLANG_WARN_OBJC_ROOT_CLASS = YES_ERROR;
				CLANG_WARN_RANGE_LOOP_ANALYSIS = YES;
				CLANG_WARN_STRICT_PROTOTYPES = YES;
				CLANG_WARN_SUSPICIOUS_MOVE = YES;
				CLANG_WARN_UNGUARDED_AVAILABILITY = YES_AGGRESSIVE;
				CLANG_WARN_UNREACHABLE_CODE = YES;
				CLANG_WARN__DUPLICATE_METHOD_MATCH = YES;
				CODE_SIGN_IDENTITY = "iPhone Developer";
				CODE_SIGN_STYLE = Automatic;
				COPY_PHASE_STRIP = NO;
				DEBUG_INFORMATION_FORMAT = dwarf;
				DEVELOPMENT_TEAM = DHNJ8N28ZZ;
				ENABLE_STRICT_OBJC_MSGSEND = YES;
				ENABLE_TESTABILITY = YES;
				GCC_C_LANGUAGE_STANDARD = gnu11;
				GCC_DYNAMIC_NO_PIC = NO;
				GCC_NO_COMMON_BLOCKS = YES;
				GCC_OPTIMIZATION_LEVEL = 0;
				GCC_PREPROCESSOR_DEFINITIONS = (
					"DEBUG=1",
					"$(inherited)",
				);
				GCC_WARN_64_TO_32_BIT_CONVERSION = YES;
				GCC_WARN_ABOUT_RETURN_TYPE = YES_ERROR;
				GCC_WARN_UNDECLARED_SELECTOR = YES;
				GCC_WARN_UNINITIALIZED_AUTOS = YES_AGGRESSIVE;
				GCC_WARN_UNUSED_FUNCTION = YES;
				GCC_WARN_UNUSED_VARIABLE = YES;
				INFOPLIST_FILE = "SwiftyDefaults-iOSTests/Info.plist";
				IPHONEOS_DEPLOYMENT_TARGET = 11.0;
				LD_RUNPATH_SEARCH_PATHS = "$(inherited) @executable_path/Frameworks @loader_path/Frameworks";
				MTL_ENABLE_DEBUG_INFO = YES;
				ONLY_ACTIVE_ARCH = YES;
				PRODUCT_BUNDLE_IDENTIFIER = "com.zetasq.SwiftyDefaults-iOSTests";
				PRODUCT_NAME = "$(TARGET_NAME)";
				SDKROOT = iphoneos;
				SWIFT_ACTIVE_COMPILATION_CONDITIONS = DEBUG;
				SWIFT_OPTIMIZATION_LEVEL = "-Onone";
				SWIFT_VERSION = 4.0;
				TARGETED_DEVICE_FAMILY = "1,2";
			};
			name = Debug;
		};
		D456133D1F94EF0400632559 /* Release */ = {
			isa = XCBuildConfiguration;
			buildSettings = {
				ALWAYS_EMBED_SWIFT_STANDARD_LIBRARIES = YES;
				ALWAYS_SEARCH_USER_PATHS = NO;
				CLANG_ANALYZER_NONNULL = YES;
				CLANG_ANALYZER_NUMBER_OBJECT_CONVERSION = YES_AGGRESSIVE;
				CLANG_CXX_LANGUAGE_STANDARD = "gnu++14";
				CLANG_CXX_LIBRARY = "libc++";
				CLANG_ENABLE_MODULES = YES;
				CLANG_ENABLE_OBJC_ARC = YES;
				CLANG_WARN_BLOCK_CAPTURE_AUTORELEASING = YES;
				CLANG_WARN_BOOL_CONVERSION = YES;
				CLANG_WARN_COMMA = YES;
				CLANG_WARN_CONSTANT_CONVERSION = YES;
				CLANG_WARN_DIRECT_OBJC_ISA_USAGE = YES_ERROR;
				CLANG_WARN_DOCUMENTATION_COMMENTS = YES;
				CLANG_WARN_EMPTY_BODY = YES;
				CLANG_WARN_ENUM_CONVERSION = YES;
				CLANG_WARN_INFINITE_RECURSION = YES;
				CLANG_WARN_INT_CONVERSION = YES;
				CLANG_WARN_NON_LITERAL_NULL_CONVERSION = YES;
				CLANG_WARN_OBJC_LITERAL_CONVERSION = YES;
				CLANG_WARN_OBJC_ROOT_CLASS = YES_ERROR;
				CLANG_WARN_RANGE_LOOP_ANALYSIS = YES;
				CLANG_WARN_STRICT_PROTOTYPES = YES;
				CLANG_WARN_SUSPICIOUS_MOVE = YES;
				CLANG_WARN_UNGUARDED_AVAILABILITY = YES_AGGRESSIVE;
				CLANG_WARN_UNREACHABLE_CODE = YES;
				CLANG_WARN__DUPLICATE_METHOD_MATCH = YES;
				CODE_SIGN_IDENTITY = "iPhone Developer";
				CODE_SIGN_STYLE = Automatic;
				COPY_PHASE_STRIP = NO;
				DEBUG_INFORMATION_FORMAT = "dwarf-with-dsym";
				DEVELOPMENT_TEAM = DHNJ8N28ZZ;
				ENABLE_NS_ASSERTIONS = NO;
				ENABLE_STRICT_OBJC_MSGSEND = YES;
				GCC_C_LANGUAGE_STANDARD = gnu11;
				GCC_NO_COMMON_BLOCKS = YES;
				GCC_WARN_64_TO_32_BIT_CONVERSION = YES;
				GCC_WARN_ABOUT_RETURN_TYPE = YES_ERROR;
				GCC_WARN_UNDECLARED_SELECTOR = YES;
				GCC_WARN_UNINITIALIZED_AUTOS = YES_AGGRESSIVE;
				GCC_WARN_UNUSED_FUNCTION = YES;
				GCC_WARN_UNUSED_VARIABLE = YES;
				INFOPLIST_FILE = "SwiftyDefaults-iOSTests/Info.plist";
				IPHONEOS_DEPLOYMENT_TARGET = 11.0;
				LD_RUNPATH_SEARCH_PATHS = "$(inherited) @executable_path/Frameworks @loader_path/Frameworks";
				MTL_ENABLE_DEBUG_INFO = NO;
				PRODUCT_BUNDLE_IDENTIFIER = "com.zetasq.SwiftyDefaults-iOSTests";
				PRODUCT_NAME = "$(TARGET_NAME)";
				SDKROOT = iphoneos;
				SWIFT_OPTIMIZATION_LEVEL = "-Owholemodule";
				SWIFT_VERSION = 4.0;
				TARGETED_DEVICE_FAMILY = "1,2";
				VALIDATE_PRODUCT = YES;
			};
			name = Release;
		};
		D45613551F94EF3A00632559 /* Debug */ = {
			isa = XCBuildConfiguration;
			buildSettings = {
				ALWAYS_SEARCH_USER_PATHS = NO;
				CLANG_ANALYZER_NONNULL = YES;
				CLANG_ANALYZER_NUMBER_OBJECT_CONVERSION = YES_AGGRESSIVE;
				CLANG_CXX_LANGUAGE_STANDARD = "gnu++14";
				CLANG_CXX_LIBRARY = "libc++";
				CLANG_ENABLE_MODULES = YES;
				CLANG_ENABLE_OBJC_ARC = YES;
				CLANG_WARN_BLOCK_CAPTURE_AUTORELEASING = YES;
				CLANG_WARN_BOOL_CONVERSION = YES;
				CLANG_WARN_COMMA = YES;
				CLANG_WARN_CONSTANT_CONVERSION = YES;
				CLANG_WARN_DIRECT_OBJC_ISA_USAGE = YES_ERROR;
				CLANG_WARN_DOCUMENTATION_COMMENTS = YES;
				CLANG_WARN_EMPTY_BODY = YES;
				CLANG_WARN_ENUM_CONVERSION = YES;
				CLANG_WARN_INFINITE_RECURSION = YES;
				CLANG_WARN_INT_CONVERSION = YES;
				CLANG_WARN_NON_LITERAL_NULL_CONVERSION = YES;
				CLANG_WARN_OBJC_LITERAL_CONVERSION = YES;
				CLANG_WARN_OBJC_ROOT_CLASS = YES_ERROR;
				CLANG_WARN_RANGE_LOOP_ANALYSIS = YES;
				CLANG_WARN_STRICT_PROTOTYPES = YES;
				CLANG_WARN_SUSPICIOUS_MOVE = YES;
				CLANG_WARN_UNGUARDED_AVAILABILITY = YES_AGGRESSIVE;
				CLANG_WARN_UNREACHABLE_CODE = YES;
				CLANG_WARN__DUPLICATE_METHOD_MATCH = YES;
				CODE_SIGN_IDENTITY = "Mac Developer";
				CODE_SIGN_STYLE = Automatic;
				COMBINE_HIDPI_IMAGES = YES;
				COPY_PHASE_STRIP = NO;
				CURRENT_PROJECT_VERSION = 1;
				DEBUG_INFORMATION_FORMAT = dwarf;
				DEFINES_MODULE = YES;
				DEVELOPMENT_TEAM = DHNJ8N28ZZ;
				DYLIB_COMPATIBILITY_VERSION = 1;
				DYLIB_CURRENT_VERSION = 1;
				DYLIB_INSTALL_NAME_BASE = "@rpath";
				ENABLE_STRICT_OBJC_MSGSEND = YES;
				ENABLE_TESTABILITY = YES;
				FRAMEWORK_VERSION = A;
				GCC_C_LANGUAGE_STANDARD = gnu11;
				GCC_DYNAMIC_NO_PIC = NO;
				GCC_NO_COMMON_BLOCKS = YES;
				GCC_OPTIMIZATION_LEVEL = 0;
				GCC_PREPROCESSOR_DEFINITIONS = (
					"DEBUG=1",
					"$(inherited)",
				);
				GCC_WARN_64_TO_32_BIT_CONVERSION = YES;
				GCC_WARN_ABOUT_RETURN_TYPE = YES_ERROR;
				GCC_WARN_UNDECLARED_SELECTOR = YES;
				GCC_WARN_UNINITIALIZED_AUTOS = YES_AGGRESSIVE;
				GCC_WARN_UNUSED_FUNCTION = YES;
				GCC_WARN_UNUSED_VARIABLE = YES;
				INFOPLIST_FILE = "SwiftyDefaults-macOS/Info.plist";
				INSTALL_PATH = "$(LOCAL_LIBRARY_DIR)/Frameworks";
				LD_RUNPATH_SEARCH_PATHS = "$(inherited) @executable_path/../Frameworks @loader_path/Frameworks";
				MACOSX_DEPLOYMENT_TARGET = 10.12;
				MTL_ENABLE_DEBUG_INFO = YES;
				ONLY_ACTIVE_ARCH = YES;
				PRODUCT_BUNDLE_IDENTIFIER = "com.zetasq.SwiftyDefaults-macOS";
				PRODUCT_NAME = SwiftyDefaults;
				SDKROOT = macosx;
				SKIP_INSTALL = YES;
				SWIFT_ACTIVE_COMPILATION_CONDITIONS = DEBUG;
				SWIFT_OPTIMIZATION_LEVEL = "-Onone";
				SWIFT_VERSION = 4.0;
				VERSIONING_SYSTEM = "apple-generic";
				VERSION_INFO_PREFIX = "";
			};
			name = Debug;
		};
		D45613561F94EF3A00632559 /* Release */ = {
			isa = XCBuildConfiguration;
			buildSettings = {
				ALWAYS_SEARCH_USER_PATHS = NO;
				CLANG_ANALYZER_NONNULL = YES;
				CLANG_ANALYZER_NUMBER_OBJECT_CONVERSION = YES_AGGRESSIVE;
				CLANG_CXX_LANGUAGE_STANDARD = "gnu++14";
				CLANG_CXX_LIBRARY = "libc++";
				CLANG_ENABLE_MODULES = YES;
				CLANG_ENABLE_OBJC_ARC = YES;
				CLANG_WARN_BLOCK_CAPTURE_AUTORELEASING = YES;
				CLANG_WARN_BOOL_CONVERSION = YES;
				CLANG_WARN_COMMA = YES;
				CLANG_WARN_CONSTANT_CONVERSION = YES;
				CLANG_WARN_DIRECT_OBJC_ISA_USAGE = YES_ERROR;
				CLANG_WARN_DOCUMENTATION_COMMENTS = YES;
				CLANG_WARN_EMPTY_BODY = YES;
				CLANG_WARN_ENUM_CONVERSION = YES;
				CLANG_WARN_INFINITE_RECURSION = YES;
				CLANG_WARN_INT_CONVERSION = YES;
				CLANG_WARN_NON_LITERAL_NULL_CONVERSION = YES;
				CLANG_WARN_OBJC_LITERAL_CONVERSION = YES;
				CLANG_WARN_OBJC_ROOT_CLASS = YES_ERROR;
				CLANG_WARN_RANGE_LOOP_ANALYSIS = YES;
				CLANG_WARN_STRICT_PROTOTYPES = YES;
				CLANG_WARN_SUSPICIOUS_MOVE = YES;
				CLANG_WARN_UNGUARDED_AVAILABILITY = YES_AGGRESSIVE;
				CLANG_WARN_UNREACHABLE_CODE = YES;
				CLANG_WARN__DUPLICATE_METHOD_MATCH = YES;
				CODE_SIGN_IDENTITY = "Mac Developer";
				CODE_SIGN_STYLE = Automatic;
				COMBINE_HIDPI_IMAGES = YES;
				COPY_PHASE_STRIP = NO;
				CURRENT_PROJECT_VERSION = 1;
				DEBUG_INFORMATION_FORMAT = "dwarf-with-dsym";
				DEFINES_MODULE = YES;
				DEVELOPMENT_TEAM = DHNJ8N28ZZ;
				DYLIB_COMPATIBILITY_VERSION = 1;
				DYLIB_CURRENT_VERSION = 1;
				DYLIB_INSTALL_NAME_BASE = "@rpath";
				ENABLE_NS_ASSERTIONS = NO;
				ENABLE_STRICT_OBJC_MSGSEND = YES;
				FRAMEWORK_VERSION = A;
				GCC_C_LANGUAGE_STANDARD = gnu11;
				GCC_NO_COMMON_BLOCKS = YES;
				GCC_WARN_64_TO_32_BIT_CONVERSION = YES;
				GCC_WARN_ABOUT_RETURN_TYPE = YES_ERROR;
				GCC_WARN_UNDECLARED_SELECTOR = YES;
				GCC_WARN_UNINITIALIZED_AUTOS = YES_AGGRESSIVE;
				GCC_WARN_UNUSED_FUNCTION = YES;
				GCC_WARN_UNUSED_VARIABLE = YES;
				INFOPLIST_FILE = "SwiftyDefaults-macOS/Info.plist";
				INSTALL_PATH = "$(LOCAL_LIBRARY_DIR)/Frameworks";
				LD_RUNPATH_SEARCH_PATHS = "$(inherited) @executable_path/../Frameworks @loader_path/Frameworks";
				MACOSX_DEPLOYMENT_TARGET = 10.12;
				MTL_ENABLE_DEBUG_INFO = NO;
				PRODUCT_BUNDLE_IDENTIFIER = "com.zetasq.SwiftyDefaults-macOS";
				PRODUCT_NAME = SwiftyDefaults;
				SDKROOT = macosx;
				SKIP_INSTALL = YES;
				SWIFT_OPTIMIZATION_LEVEL = "-Owholemodule";
				SWIFT_VERSION = 4.0;
				VERSIONING_SYSTEM = "apple-generic";
				VERSION_INFO_PREFIX = "";
			};
			name = Release;
		};
		D45613581F94EF3A00632559 /* Debug */ = {
			isa = XCBuildConfiguration;
			buildSettings = {
				ALWAYS_EMBED_SWIFT_STANDARD_LIBRARIES = YES;
				ALWAYS_SEARCH_USER_PATHS = NO;
				CLANG_ANALYZER_NONNULL = YES;
				CLANG_ANALYZER_NUMBER_OBJECT_CONVERSION = YES_AGGRESSIVE;
				CLANG_CXX_LANGUAGE_STANDARD = "gnu++14";
				CLANG_CXX_LIBRARY = "libc++";
				CLANG_ENABLE_MODULES = YES;
				CLANG_ENABLE_OBJC_ARC = YES;
				CLANG_WARN_BLOCK_CAPTURE_AUTORELEASING = YES;
				CLANG_WARN_BOOL_CONVERSION = YES;
				CLANG_WARN_COMMA = YES;
				CLANG_WARN_CONSTANT_CONVERSION = YES;
				CLANG_WARN_DIRECT_OBJC_ISA_USAGE = YES_ERROR;
				CLANG_WARN_DOCUMENTATION_COMMENTS = YES;
				CLANG_WARN_EMPTY_BODY = YES;
				CLANG_WARN_ENUM_CONVERSION = YES;
				CLANG_WARN_INFINITE_RECURSION = YES;
				CLANG_WARN_INT_CONVERSION = YES;
				CLANG_WARN_NON_LITERAL_NULL_CONVERSION = YES;
				CLANG_WARN_OBJC_LITERAL_CONVERSION = YES;
				CLANG_WARN_OBJC_ROOT_CLASS = YES_ERROR;
				CLANG_WARN_RANGE_LOOP_ANALYSIS = YES;
				CLANG_WARN_STRICT_PROTOTYPES = YES;
				CLANG_WARN_SUSPICIOUS_MOVE = YES;
				CLANG_WARN_UNGUARDED_AVAILABILITY = YES_AGGRESSIVE;
				CLANG_WARN_UNREACHABLE_CODE = YES;
				CLANG_WARN__DUPLICATE_METHOD_MATCH = YES;
				CODE_SIGN_IDENTITY = "Mac Developer";
				CODE_SIGN_STYLE = Automatic;
				COMBINE_HIDPI_IMAGES = YES;
				COPY_PHASE_STRIP = NO;
				DEBUG_INFORMATION_FORMAT = dwarf;
				DEVELOPMENT_TEAM = DHNJ8N28ZZ;
				ENABLE_STRICT_OBJC_MSGSEND = YES;
				ENABLE_TESTABILITY = YES;
				GCC_C_LANGUAGE_STANDARD = gnu11;
				GCC_DYNAMIC_NO_PIC = NO;
				GCC_NO_COMMON_BLOCKS = YES;
				GCC_OPTIMIZATION_LEVEL = 0;
				GCC_PREPROCESSOR_DEFINITIONS = (
					"DEBUG=1",
					"$(inherited)",
				);
				GCC_WARN_64_TO_32_BIT_CONVERSION = YES;
				GCC_WARN_ABOUT_RETURN_TYPE = YES_ERROR;
				GCC_WARN_UNDECLARED_SELECTOR = YES;
				GCC_WARN_UNINITIALIZED_AUTOS = YES_AGGRESSIVE;
				GCC_WARN_UNUSED_FUNCTION = YES;
				GCC_WARN_UNUSED_VARIABLE = YES;
				INFOPLIST_FILE = "SwiftyDefaults-macOSTests/Info.plist";
				LD_RUNPATH_SEARCH_PATHS = "$(inherited) @executable_path/../Frameworks @loader_path/../Frameworks";
				MACOSX_DEPLOYMENT_TARGET = 10.12;
				MTL_ENABLE_DEBUG_INFO = YES;
				ONLY_ACTIVE_ARCH = YES;
				PRODUCT_BUNDLE_IDENTIFIER = "com.zetasq.SwiftyDefaults-macOSTests";
				PRODUCT_NAME = "$(TARGET_NAME)";
				SDKROOT = macosx;
				SWIFT_ACTIVE_COMPILATION_CONDITIONS = DEBUG;
				SWIFT_OPTIMIZATION_LEVEL = "-Onone";
				SWIFT_VERSION = 4.0;
			};
			name = Debug;
		};
		D45613591F94EF3A00632559 /* Release */ = {
			isa = XCBuildConfiguration;
			buildSettings = {
				ALWAYS_EMBED_SWIFT_STANDARD_LIBRARIES = YES;
				ALWAYS_SEARCH_USER_PATHS = NO;
				CLANG_ANALYZER_NONNULL = YES;
				CLANG_ANALYZER_NUMBER_OBJECT_CONVERSION = YES_AGGRESSIVE;
				CLANG_CXX_LANGUAGE_STANDARD = "gnu++14";
				CLANG_CXX_LIBRARY = "libc++";
				CLANG_ENABLE_MODULES = YES;
				CLANG_ENABLE_OBJC_ARC = YES;
				CLANG_WARN_BLOCK_CAPTURE_AUTORELEASING = YES;
				CLANG_WARN_BOOL_CONVERSION = YES;
				CLANG_WARN_COMMA = YES;
				CLANG_WARN_CONSTANT_CONVERSION = YES;
				CLANG_WARN_DIRECT_OBJC_ISA_USAGE = YES_ERROR;
				CLANG_WARN_DOCUMENTATION_COMMENTS = YES;
				CLANG_WARN_EMPTY_BODY = YES;
				CLANG_WARN_ENUM_CONVERSION = YES;
				CLANG_WARN_INFINITE_RECURSION = YES;
				CLANG_WARN_INT_CONVERSION = YES;
				CLANG_WARN_NON_LITERAL_NULL_CONVERSION = YES;
				CLANG_WARN_OBJC_LITERAL_CONVERSION = YES;
				CLANG_WARN_OBJC_ROOT_CLASS = YES_ERROR;
				CLANG_WARN_RANGE_LOOP_ANALYSIS = YES;
				CLANG_WARN_STRICT_PROTOTYPES = YES;
				CLANG_WARN_SUSPICIOUS_MOVE = YES;
				CLANG_WARN_UNGUARDED_AVAILABILITY = YES_AGGRESSIVE;
				CLANG_WARN_UNREACHABLE_CODE = YES;
				CLANG_WARN__DUPLICATE_METHOD_MATCH = YES;
				CODE_SIGN_IDENTITY = "Mac Developer";
				CODE_SIGN_STYLE = Automatic;
				COMBINE_HIDPI_IMAGES = YES;
				COPY_PHASE_STRIP = NO;
				DEBUG_INFORMATION_FORMAT = "dwarf-with-dsym";
				DEVELOPMENT_TEAM = DHNJ8N28ZZ;
				ENABLE_NS_ASSERTIONS = NO;
				ENABLE_STRICT_OBJC_MSGSEND = YES;
				GCC_C_LANGUAGE_STANDARD = gnu11;
				GCC_NO_COMMON_BLOCKS = YES;
				GCC_WARN_64_TO_32_BIT_CONVERSION = YES;
				GCC_WARN_ABOUT_RETURN_TYPE = YES_ERROR;
				GCC_WARN_UNDECLARED_SELECTOR = YES;
				GCC_WARN_UNINITIALIZED_AUTOS = YES_AGGRESSIVE;
				GCC_WARN_UNUSED_FUNCTION = YES;
				GCC_WARN_UNUSED_VARIABLE = YES;
				INFOPLIST_FILE = "SwiftyDefaults-macOSTests/Info.plist";
				LD_RUNPATH_SEARCH_PATHS = "$(inherited) @executable_path/../Frameworks @loader_path/../Frameworks";
				MACOSX_DEPLOYMENT_TARGET = 10.12;
				MTL_ENABLE_DEBUG_INFO = NO;
				PRODUCT_BUNDLE_IDENTIFIER = "com.zetasq.SwiftyDefaults-macOSTests";
				PRODUCT_NAME = "$(TARGET_NAME)";
				SDKROOT = macosx;
				SWIFT_OPTIMIZATION_LEVEL = "-Owholemodule";
				SWIFT_VERSION = 4.0;
			};
			name = Release;
		};
/* End XCBuildConfiguration section */

/* Begin XCConfigurationList section */
		D456131E1F94EED300632559 /* Build configuration list for PBXProject "SwiftyDefaults" */ = {
			isa = XCConfigurationList;
			buildConfigurations = (
				D456131F1F94EED300632559 /* Debug */,
				D45613201F94EED300632559 /* Release */,
			);
			defaultConfigurationIsVisible = 0;
			defaultConfigurationName = Release;
		};
		D45613381F94EF0400632559 /* Build configuration list for PBXNativeTarget "SwiftyDefaults-iOS" */ = {
			isa = XCConfigurationList;
			buildConfigurations = (
				D45613391F94EF0400632559 /* Debug */,
				D456133A1F94EF0400632559 /* Release */,
			);
			defaultConfigurationIsVisible = 0;
			defaultConfigurationName = Release;
		};
		D456133B1F94EF0400632559 /* Build configuration list for PBXNativeTarget "SwiftyDefaults-iOSTests" */ = {
			isa = XCConfigurationList;
			buildConfigurations = (
				D456133C1F94EF0400632559 /* Debug */,
				D456133D1F94EF0400632559 /* Release */,
			);
			defaultConfigurationIsVisible = 0;
			defaultConfigurationName = Release;
		};
		D45613541F94EF3A00632559 /* Build configuration list for PBXNativeTarget "SwiftyDefaults-macOS" */ = {
			isa = XCConfigurationList;
			buildConfigurations = (
				D45613551F94EF3A00632559 /* Debug */,
				D45613561F94EF3A00632559 /* Release */,
			);
			defaultConfigurationIsVisible = 0;
			defaultConfigurationName = Release;
		};
		D45613571F94EF3A00632559 /* Build configuration list for PBXNativeTarget "SwiftyDefaults-macOSTests" */ = {
			isa = XCConfigurationList;
			buildConfigurations = (
				D45613581F94EF3A00632559 /* Debug */,
				D45613591F94EF3A00632559 /* Release */,
			);
			defaultConfigurationIsVisible = 0;
			defaultConfigurationName = Release;
		};
/* End XCConfigurationList section */
	};
	rootObject = D456131B1F94EED300632559 /* Project object */;
}
